
Microsoft Visual Studio Solution File, Format Version 12.00
# Visual Studio Version 16
VisualStudioVersion = 16.0.30002.166
MinimumVisualStudioVersion = 10.0.40219.1
Project("{8BC9CEB8-8B4A-11D0-8D11-00A0C91BC942}") = "DaHinh", "DaHinh\DaHinh.vcxproj", "{63F75B17-2339-4344-A9C4-99459CDB92B1}"
EndProject
Project("{8BC9CEB8-8B4A-11D0-8D11-00A0C91BC942}") = "ToanTu", "ToanTu\ToanTu.vcxproj", "{EFE1E779-27DB-4767-9307-24B0282C5107}"
EndProject
Global
	GlobalSection(SolutionConfigurationPlatforms) = preSolution
		Debug|x64 = Debug|x64
		Debug|x86 = Debug|x86
		Release|x64 = Release|x64
		Release|x86 = Release|x86
	EndGlobalSection
	GlobalSection(ProjectConfigurationPlatforms) = postSolution
		{63F75B17-2339-4344-A9C4-99459CDB92B1}.Debug|x64.ActiveCfg = Debug|x64
		{63F75B17-2339-4344-A9C4-99459CDB92B1}.Debug|x64.Build.0 = Debug|x64
		{63F75B17-2339-4344-A9C4-99459CDB92B1}.Debug|x86.ActiveCfg = Debug|Win32
		{63F75B17-2339-4344-A9C4-99459CDB92B1}.Debug|x86.Build.0 = Debug|Win32
		{63F75B17-2339-4344-A9C4-99459CDB92B1}.Release|x64.ActiveCfg = Release|x64
		{63F75B17-2339-4344-A9C4-99459CDB92B1}.Release|x64.Build.0 = Release|x64
		{63F75B17-2339-4344-A9C4-99459CDB92B1}.Release|x86.ActiveCfg = Release|Win32
		{63F75B17-2339-4344-A9C4-99459CDB92B1}.Release|x86.Build.0 = Release|Win32
		{EFE1E779-27DB-4767-9307-24B0282C5107}.Debug|x64.ActiveCfg = Debug|x64
		{EFE1E779-27DB-4767-9307-24B0282C5107}.Debug|x64.Build.0 = Debug|x64
		{EFE1E779-27DB-4767-9307-24B0282C5107}.Debug|x86.ActiveCfg = Debug|Win32
		{EFE1E779-27DB-4767-9307-24B0282C5107}.Debug|x86.Build.0 = Debug|Win32
		{EFE1E779-27DB-4767-9307-24B0282C5107}.Release|x64.ActiveCfg = Release|x64
		{EFE1E779-27DB-4767-9307-24B0282C5107}.Release|x64.Build.0 = Release|x64
		{EFE1E779-27DB-4767-9307-24B0282C5107}.Release|x86.ActiveCfg = Release|Win32
		{EFE1E779-27DB-4767-9307-24B0282C5107}.Release|x86.Build.0 = Release|Win32
	EndGlobalSection
	GlobalSection(SolutionProperties) = preSolution
		HideSolutionNode = FALSE
	EndGlobalSection
	GlobalSection(ExtensibilityGlobals) = postSolution
		SolutionGuid = {7638B2ED-B9EF-4895-972F-DDDC97FD0B2F}
	EndGlobalSection
EndGlobal
